// !$*UTF8*$!
{
	archiveVersion = 1;
	classes = {
	};
	objectVersion = 46;
	objects = {

/* Begin PBXBuildFile section */
		B9CF842827414BDA1A077CAB /* Pods_camp_colorado.framework in Frameworks */ = {isa = PBXBuildFile; fileRef = 2CEE0D200283C709E0E8488C /* Pods_camp_colorado.framework */; };
		F94E95D31D6746EA00B52D46 /* ReviewCell.swift in Sources */ = {isa = PBXBuildFile; fileRef = F94E95D21D6746EA00B52D46 /* ReviewCell.swift */; };
		F94E95D51D676F7A00B52D46 /* Review.swift in Sources */ = {isa = PBXBuildFile; fileRef = F94E95D41D676F7A00B52D46 /* Review.swift */; };
		F9513B891D6345EA00BFDB8B /* LoginViewController.swift in Sources */ = {isa = PBXBuildFile; fileRef = F9513B881D6345EA00BFDB8B /* LoginViewController.swift */; };
		F95A5F8C1D5B60640027D3FC /* csv.swift in Sources */ = {isa = PBXBuildFile; fileRef = F95A5F8B1D5B60640027D3FC /* csv.swift */; };
		F95A5F8E1D5B631C0027D3FC /* campsites-colorado.csv in Resources */ = {isa = PBXBuildFile; fileRef = F95A5F8D1D5B631C0027D3FC /* campsites-colorado.csv */; };
		F9A376CA1D5A25560058225F /* Campsite.swift in Sources */ = {isa = PBXBuildFile; fileRef = F9A376C91D5A25560058225F /* Campsite.swift */; };
		F9BCB5D01D65E4AF004C2AA5 /* NotoSans-Bold.ttf in Resources */ = {isa = PBXBuildFile; fileRef = F9BCB5CC1D65E4AF004C2AA5 /* NotoSans-Bold.ttf */; };
		F9BCB5D11D65E4AF004C2AA5 /* NotoSans-BoldItalic.ttf in Resources */ = {isa = PBXBuildFile; fileRef = F9BCB5CD1D65E4AF004C2AA5 /* NotoSans-BoldItalic.ttf */; };
		F9BCB5D21D65E4AF004C2AA5 /* NotoSans-Italic.ttf in Resources */ = {isa = PBXBuildFile; fileRef = F9BCB5CE1D65E4AF004C2AA5 /* NotoSans-Italic.ttf */; };
		F9BCB5D31D65E4AF004C2AA5 /* NotoSans-Regular.ttf in Resources */ = {isa = PBXBuildFile; fileRef = F9BCB5CF1D65E4AF004C2AA5 /* NotoSans-Regular.ttf */; };
		F9D5AC831D5A1825007E7005 /* AppDelegate.swift in Sources */ = {isa = PBXBuildFile; fileRef = F9D5AC821D5A1825007E7005 /* AppDelegate.swift */; };
		F9D5AC851D5A1825007E7005 /* ViewController.swift in Sources */ = {isa = PBXBuildFile; fileRef = F9D5AC841D5A1825007E7005 /* ViewController.swift */; };
		F9D5AC881D5A1825007E7005 /* Main.storyboard in Resources */ = {isa = PBXBuildFile; fileRef = F9D5AC861D5A1825007E7005 /* Main.storyboard */; };
		F9D5AC8A1D5A1825007E7005 /* Assets.xcassets in Resources */ = {isa = PBXBuildFile; fileRef = F9D5AC891D5A1825007E7005 /* Assets.xcassets */; };
		F9D5AC8D1D5A1825007E7005 /* LaunchScreen.storyboard in Resources */ = {isa = PBXBuildFile; fileRef = F9D5AC8B1D5A1825007E7005 /* LaunchScreen.storyboard */; };
		F9E3DA711D648B9B005B7E8C /* Constants.swift in Sources */ = {isa = PBXBuildFile; fileRef = F9E3DA701D648B9B005B7E8C /* Constants.swift */; };
		F9E3DA741D648D34005B7E8C /* DataService.swift in Sources */ = {isa = PBXBuildFile; fileRef = F9E3DA731D648D34005B7E8C /* DataService.swift */; };
		F9E3DA761D6491B0005B7E8C /* GoogleService-Info.plist in Resources */ = {isa = PBXBuildFile; fileRef = F9E3DA751D6491B0005B7E8C /* GoogleService-Info.plist */; };
		F9FD98CE1D62693D009786A0 /* CampsiteDetailViewController.swift in Sources */ = {isa = PBXBuildFile; fileRef = F9FD98CD1D62693D009786A0 /* CampsiteDetailViewController.swift */; };
		F9FD98D01D62735A009786A0 /* CampsiteAnnotation.swift in Sources */ = {isa = PBXBuildFile; fileRef = F9FD98CF1D62735A009786A0 /* CampsiteAnnotation.swift */; };
/* End PBXBuildFile section */

/* Begin PBXFileReference section */
		2264B4780133B8187B232A6C /* Pods-camp-colorado.debug.xcconfig */ = {isa = PBXFileReference; includeInIndex = 1; lastKnownFileType = text.xcconfig; name = "Pods-camp-colorado.debug.xcconfig"; path = "Pods/Target Support Files/Pods-camp-colorado/Pods-camp-colorado.debug.xcconfig"; sourceTree = "<group>"; };
		2CEE0D200283C709E0E8488C /* Pods_camp_colorado.framework */ = {isa = PBXFileReference; explicitFileType = wrapper.framework; includeInIndex = 0; path = Pods_camp_colorado.framework; sourceTree = BUILT_PRODUCTS_DIR; };
		AD9704D41BED8EB2A67C02C8 /* Pods-camp-colorado.release.xcconfig */ = {isa = PBXFileReference; includeInIndex = 1; lastKnownFileType = text.xcconfig; name = "Pods-camp-colorado.release.xcconfig"; path = "Pods/Target Support Files/Pods-camp-colorado/Pods-camp-colorado.release.xcconfig"; sourceTree = "<group>"; };
		F94E95D21D6746EA00B52D46 /* ReviewCell.swift */ = {isa = PBXFileReference; fileEncoding = 4; lastKnownFileType = sourcecode.swift; path = ReviewCell.swift; sourceTree = "<group>"; };
		F94E95D41D676F7A00B52D46 /* Review.swift */ = {isa = PBXFileReference; fileEncoding = 4; lastKnownFileType = sourcecode.swift; path = Review.swift; sourceTree = "<group>"; };
		F9513B881D6345EA00BFDB8B /* LoginViewController.swift */ = {isa = PBXFileReference; fileEncoding = 4; lastKnownFileType = sourcecode.swift; path = LoginViewController.swift; sourceTree = "<group>"; };
		F95A5F8B1D5B60640027D3FC /* csv.swift */ = {isa = PBXFileReference; fileEncoding = 4; lastKnownFileType = sourcecode.swift; path = csv.swift; sourceTree = "<group>"; };
		F95A5F8D1D5B631C0027D3FC /* campsites-colorado.csv */ = {isa = PBXFileReference; fileEncoding = 4; lastKnownFileType = text; path = "campsites-colorado.csv"; sourceTree = "<group>"; };
		F9A376C91D5A25560058225F /* Campsite.swift */ = {isa = PBXFileReference; fileEncoding = 4; lastKnownFileType = sourcecode.swift; path = Campsite.swift; sourceTree = "<group>"; };
		F9BCB5CC1D65E4AF004C2AA5 /* NotoSans-Bold.ttf */ = {isa = PBXFileReference; lastKnownFileType = file; path = "NotoSans-Bold.ttf"; sourceTree = "<group>"; };
		F9BCB5CD1D65E4AF004C2AA5 /* NotoSans-BoldItalic.ttf */ = {isa = PBXFileReference; lastKnownFileType = file; path = "NotoSans-BoldItalic.ttf"; sourceTree = "<group>"; };
		F9BCB5CE1D65E4AF004C2AA5 /* NotoSans-Italic.ttf */ = {isa = PBXFileReference; lastKnownFileType = file; path = "NotoSans-Italic.ttf"; sourceTree = "<group>"; };
		F9BCB5CF1D65E4AF004C2AA5 /* NotoSans-Regular.ttf */ = {isa = PBXFileReference; lastKnownFileType = file; path = "NotoSans-Regular.ttf"; sourceTree = "<group>"; };
		F9D5AC7F1D5A1825007E7005 /* camp-colorado.app */ = {isa = PBXFileReference; explicitFileType = wrapper.application; includeInIndex = 0; path = "camp-colorado.app"; sourceTree = BUILT_PRODUCTS_DIR; };
		F9D5AC821D5A1825007E7005 /* AppDelegate.swift */ = {isa = PBXFileReference; lastKnownFileType = sourcecode.swift; path = AppDelegate.swift; sourceTree = "<group>"; };
		F9D5AC841D5A1825007E7005 /* ViewController.swift */ = {isa = PBXFileReference; lastKnownFileType = sourcecode.swift; path = ViewController.swift; sourceTree = "<group>"; };
		F9D5AC871D5A1825007E7005 /* Base */ = {isa = PBXFileReference; lastKnownFileType = file.storyboard; name = Base; path = Base.lproj/Main.storyboard; sourceTree = "<group>"; };
		F9D5AC891D5A1825007E7005 /* Assets.xcassets */ = {isa = PBXFileReference; lastKnownFileType = folder.assetcatalog; path = Assets.xcassets; sourceTree = "<group>"; };
		F9D5AC8C1D5A1825007E7005 /* Base */ = {isa = PBXFileReference; lastKnownFileType = file.storyboard; name = Base; path = Base.lproj/LaunchScreen.storyboard; sourceTree = "<group>"; };
		F9D5AC8E1D5A1825007E7005 /* Info.plist */ = {isa = PBXFileReference; lastKnownFileType = text.plist.xml; path = Info.plist; sourceTree = "<group>"; };
		F9E3DA701D648B9B005B7E8C /* Constants.swift */ = {isa = PBXFileReference; fileEncoding = 4; lastKnownFileType = sourcecode.swift; path = Constants.swift; sourceTree = "<group>"; };
		F9E3DA731D648D34005B7E8C /* DataService.swift */ = {isa = PBXFileReference; fileEncoding = 4; lastKnownFileType = sourcecode.swift; path = DataService.swift; sourceTree = "<group>"; };
		F9E3DA751D6491B0005B7E8C /* GoogleService-Info.plist */ = {isa = PBXFileReference; fileEncoding = 4; lastKnownFileType = text.plist.xml; path = "GoogleService-Info.plist"; sourceTree = "<group>"; };
		F9FD98CD1D62693D009786A0 /* CampsiteDetailViewController.swift */ = {isa = PBXFileReference; fileEncoding = 4; lastKnownFileType = sourcecode.swift; path = CampsiteDetailViewController.swift; sourceTree = "<group>"; };
		F9FD98CF1D62735A009786A0 /* CampsiteAnnotation.swift */ = {isa = PBXFileReference; fileEncoding = 4; lastKnownFileType = sourcecode.swift; path = CampsiteAnnotation.swift; sourceTree = "<group>"; };
/* End PBXFileReference section */

/* Begin PBXFrameworksBuildPhase section */
		F9D5AC7C1D5A1825007E7005 /* Frameworks */ = {
			isa = PBXFrameworksBuildPhase;
			buildActionMask = 2147483647;
			files = (
				B9CF842827414BDA1A077CAB /* Pods_camp_colorado.framework in Frameworks */,
			);
			runOnlyForDeploymentPostprocessing = 0;
		};
/* End PBXFrameworksBuildPhase section */

/* Begin PBXGroup section */
		110AEC16B746A2824CEEBDFA /* Pods */ = {
			isa = PBXGroup;
			children = (
				2264B4780133B8187B232A6C /* Pods-camp-colorado.debug.xcconfig */,
				AD9704D41BED8EB2A67C02C8 /* Pods-camp-colorado.release.xcconfig */,
			);
			name = Pods;
			sourceTree = "<group>";
		};
		BA8C17A47026193A009DF11A /* Frameworks */ = {
			isa = PBXGroup;
			children = (
				2CEE0D200283C709E0E8488C /* Pods_camp_colorado.framework */,
			);
			name = Frameworks;
			sourceTree = "<group>";
		};
		F95A5F8A1D5B601B0027D3FC /* Util */ = {
			isa = PBXGroup;
			children = (
				F95A5F8B1D5B60640027D3FC /* csv.swift */,
			);
			name = Util;
			sourceTree = "<group>";
		};
		F9A376C61D5A249D0058225F /* Controller */ = {
			isa = PBXGroup;
			children = (
				F9513B881D6345EA00BFDB8B /* LoginViewController.swift */,
				F9D5AC841D5A1825007E7005 /* ViewController.swift */,
				F9FD98CD1D62693D009786A0 /* CampsiteDetailViewController.swift */,
			);
			name = Controller;
			sourceTree = "<group>";
		};
		F9A376C71D5A24AA0058225F /* View */ = {
			isa = PBXGroup;
			children = (
				F94E95D21D6746EA00B52D46 /* ReviewCell.swift */,
			);
			name = View;
			sourceTree = "<group>";
		};
		F9A376C81D5A24AE0058225F /* Model */ = {
			isa = PBXGroup;
			children = (
				F9A376C91D5A25560058225F /* Campsite.swift */,
				F9FD98CF1D62735A009786A0 /* CampsiteAnnotation.swift */,
				F94E95D41D676F7A00B52D46 /* Review.swift */,
			);
			name = Model;
			sourceTree = "<group>";
		};
		F9A376CB1D5A27860058225F /* Resources */ = {
			isa = PBXGroup;
			children = (
				F95A5F8D1D5B631C0027D3FC /* campsites-colorado.csv */,
			);
			name = Resources;
			sourceTree = "<group>";
		};
		F9BCB5CB1D65E49A004C2AA5 /* Resources */ = {
			isa = PBXGroup;
			children = (
				F9BCB5CC1D65E4AF004C2AA5 /* NotoSans-Bold.ttf */,
				F9BCB5CD1D65E4AF004C2AA5 /* NotoSans-BoldItalic.ttf */,
				F9BCB5CE1D65E4AF004C2AA5 /* NotoSans-Italic.ttf */,
				F9BCB5CF1D65E4AF004C2AA5 /* NotoSans-Regular.ttf */,
			);
			name = Resources;
			sourceTree = "<group>";
		};
		F9D5AC761D5A1824007E7005 = {
			isa = PBXGroup;
			children = (
				F9D5AC811D5A1825007E7005 /* camp-colorado */,
				F9D5AC801D5A1825007E7005 /* Products */,
				110AEC16B746A2824CEEBDFA /* Pods */,
				BA8C17A47026193A009DF11A /* Frameworks */,
			);
			sourceTree = "<group>";
		};
		F9D5AC801D5A1825007E7005 /* Products */ = {
			isa = PBXGroup;
			children = (
				F9D5AC7F1D5A1825007E7005 /* camp-colorado.app */,
			);
			name = Products;
			sourceTree = "<group>";
		};
		F9D5AC811D5A1825007E7005 /* camp-colorado */ = {
			isa = PBXGroup;
			children = (
				F9BCB5CB1D65E49A004C2AA5 /* Resources */,
				F9E3DA721D648D16005B7E8C /* Services */,
				F9E3DA6F1D648B73005B7E8C /* Util */,
				F9A376C81D5A24AE0058225F /* Model */,
				F9A376C71D5A24AA0058225F /* View */,
				F9A376C61D5A249D0058225F /* Controller */,
				F9A376CB1D5A27860058225F /* Resources */,
				F95A5F8A1D5B601B0027D3FC /* Util */,
				F9D5AC821D5A1825007E7005 /* AppDelegate.swift */,
				F9D5AC861D5A1825007E7005 /* Main.storyboard */,
				F9D5AC891D5A1825007E7005 /* Assets.xcassets */,
				F9D5AC8B1D5A1825007E7005 /* LaunchScreen.storyboard */,
				F9D5AC8E1D5A1825007E7005 /* Info.plist */,
				F9E3DA751D6491B0005B7E8C /* GoogleService-Info.plist */,
			);
			path = "camp-colorado";
			sourceTree = "<group>";
		};
		F9E3DA6F1D648B73005B7E8C /* Util */ = {
			isa = PBXGroup;
			children = (
				F9E3DA701D648B9B005B7E8C /* Constants.swift */,
			);
			name = Util;
			sourceTree = "<group>";
		};
		F9E3DA721D648D16005B7E8C /* Services */ = {
			isa = PBXGroup;
			children = (
				F9E3DA731D648D34005B7E8C /* DataService.swift */,
			);
			name = Services;
			sourceTree = "<group>";
		};
/* End PBXGroup section */

/* Begin PBXNativeTarget section */
		F9D5AC7E1D5A1825007E7005 /* camp-colorado */ = {
			isa = PBXNativeTarget;
			buildConfigurationList = F9D5AC911D5A1825007E7005 /* Build configuration list for PBXNativeTarget "camp-colorado" */;
			buildPhases = (
				6B77463D918501E2F06BB291 /* [CP] Check Pods Manifest.lock */,
				F9D5AC7B1D5A1825007E7005 /* Sources */,
				F9D5AC7C1D5A1825007E7005 /* Frameworks */,
				F9D5AC7D1D5A1825007E7005 /* Resources */,
				D1C0271ABB49434AC57C044F /* [CP] Embed Pods Frameworks */,
				4274D007603D52402861D628 /* [CP] Copy Pods Resources */,
			);
			buildRules = (
			);
			dependencies = (
			);
			name = "camp-colorado";
			productName = "camp-colorado";
			productReference = F9D5AC7F1D5A1825007E7005 /* camp-colorado.app */;
			productType = "com.apple.product-type.application";
		};
/* End PBXNativeTarget section */

/* Begin PBXProject section */
		F9D5AC771D5A1824007E7005 /* Project object */ = {
			isa = PBXProject;
			attributes = {
				LastSwiftUpdateCheck = 0730;
				LastUpgradeCheck = 0730;
				ORGANIZATIONNAME = "Adam Goth";
				TargetAttributes = {
					F9D5AC7E1D5A1825007E7005 = {
						CreatedOnToolsVersion = 7.3.1;
						DevelopmentTeam = M685F39Y73;
					};
				};
			};
			buildConfigurationList = F9D5AC7A1D5A1824007E7005 /* Build configuration list for PBXProject "camp-colorado" */;
			compatibilityVersion = "Xcode 3.2";
			developmentRegion = English;
			hasScannedForEncodings = 0;
			knownRegions = (
				en,
				Base,
			);
			mainGroup = F9D5AC761D5A1824007E7005;
			productRefGroup = F9D5AC801D5A1825007E7005 /* Products */;
			projectDirPath = "";
			projectRoot = "";
			targets = (
				F9D5AC7E1D5A1825007E7005 /* camp-colorado */,
			);
		};
/* End PBXProject section */

/* Begin PBXResourcesBuildPhase section */
		F9D5AC7D1D5A1825007E7005 /* Resources */ = {
			isa = PBXResourcesBuildPhase;
			buildActionMask = 2147483647;
			files = (
				F9BCB5D31D65E4AF004C2AA5 /* NotoSans-Regular.ttf in Resources */,
				F9BCB5D01D65E4AF004C2AA5 /* NotoSans-Bold.ttf in Resources */,
				F9D5AC8D1D5A1825007E7005 /* LaunchScreen.storyboard in Resources */,
				F95A5F8E1D5B631C0027D3FC /* campsites-colorado.csv in Resources */,
				F9BCB5D11D65E4AF004C2AA5 /* NotoSans-BoldItalic.ttf in Resources */,
				F9E3DA761D6491B0005B7E8C /* GoogleService-Info.plist in Resources */,
				F9D5AC8A1D5A1825007E7005 /* Assets.xcassets in Resources */,
				F9D5AC881D5A1825007E7005 /* Main.storyboard in Resources */,
				F9BCB5D21D65E4AF004C2AA5 /* NotoSans-Italic.ttf in Resources */,
			);
			runOnlyForDeploymentPostprocessing = 0;
		};
/* End PBXResourcesBuildPhase section */

/* Begin PBXShellScriptBuildPhase section */
		4274D007603D52402861D628 /* [CP] Copy Pods Resources */ = {
			isa = PBXShellScriptBuildPhase;
			buildActionMask = 2147483647;
			files = (
			);
			inputPaths = (
			);
			name = "[CP] Copy Pods Resources";
			outputPaths = (
			);
			runOnlyForDeploymentPostprocessing = 0;
			shellPath = /bin/sh;
			shellScript = "\"${SRCROOT}/Pods/Target Support Files/Pods-camp-colorado/Pods-camp-colorado-resources.sh\"\n";
			showEnvVarsInLog = 0;
		};
		6B77463D918501E2F06BB291 /* [CP] Check Pods Manifest.lock */ = {
			isa = PBXShellScriptBuildPhase;
			buildActionMask = 2147483647;
			files = (
			);
			inputPaths = (
			);
			name = "[CP] Check Pods Manifest.lock";
			outputPaths = (
			);
			runOnlyForDeploymentPostprocessing = 0;
			shellPath = /bin/sh;
			shellScript = "diff \"${PODS_ROOT}/../Podfile.lock\" \"${PODS_ROOT}/Manifest.lock\" > /dev/null\nif [[ $? != 0 ]] ; then\n    cat << EOM\nerror: The sandbox is not in sync with the Podfile.lock. Run 'pod install' or update your CocoaPods installation.\nEOM\n    exit 1\nfi\n";
			showEnvVarsInLog = 0;
		};
		D1C0271ABB49434AC57C044F /* [CP] Embed Pods Frameworks */ = {
			isa = PBXShellScriptBuildPhase;
			buildActionMask = 2147483647;
			files = (
			);
			inputPaths = (
			);
			name = "[CP] Embed Pods Frameworks";
			outputPaths = (
			);
			runOnlyForDeploymentPostprocessing = 0;
			shellPath = /bin/sh;
			shellScript = "\"${SRCROOT}/Pods/Target Support Files/Pods-camp-colorado/Pods-camp-colorado-frameworks.sh\"\n";
			showEnvVarsInLog = 0;
		};
/* End PBXShellScriptBuildPhase section */

/* Begin PBXSourcesBuildPhase section */
		F9D5AC7B1D5A1825007E7005 /* Sources */ = {
			isa = PBXSourcesBuildPhase;
			buildActionMask = 2147483647;
			files = (
				F9E3DA741D648D34005B7E8C /* DataService.swift in Sources */,
				F94E95D31D6746EA00B52D46 /* ReviewCell.swift in Sources */,
				F9513B891D6345EA00BFDB8B /* LoginViewController.swift in Sources */,
				F95A5F8C1D5B60640027D3FC /* csv.swift in Sources */,
				F9D5AC851D5A1825007E7005 /* ViewController.swift in Sources */,
				F9FD98D01D62735A009786A0 /* CampsiteAnnotation.swift in Sources */,
				F94E95D51D676F7A00B52D46 /* Review.swift in Sources */,
				F9A376CA1D5A25560058225F /* Campsite.swift in Sources */,
				F9D5AC831D5A1825007E7005 /* AppDelegate.swift in Sources */,
				F9FD98CE1D62693D009786A0 /* CampsiteDetailViewController.swift in Sources */,
				F9E3DA711D648B9B005B7E8C /* Constants.swift in Sources */,
			);
			runOnlyForDeploymentPostprocessing = 0;
		};
/* End PBXSourcesBuildPhase section */

/* Begin PBXVariantGroup section */
		F9D5AC861D5A1825007E7005 /* Main.storyboard */ = {
			isa = PBXVariantGroup;
			children = (
				F9D5AC871D5A1825007E7005 /* Base */,
			);
			name = Main.storyboard;
			sourceTree = "<group>";
		};
		F9D5AC8B1D5A1825007E7005 /* LaunchScreen.storyboard */ = {
			isa = PBXVariantGroup;
			children = (
				F9D5AC8C1D5A1825007E7005 /* Base */,
			);
			name = LaunchScreen.storyboard;
			sourceTree = "<group>";
		};
/* End PBXVariantGroup section */

/* Begin XCBuildConfiguration section */
		F9D5AC8F1D5A1825007E7005 /* Debug */ = {
			isa = XCBuildConfiguration;
			buildSettings = {
				ALWAYS_SEARCH_USER_PATHS = NO;
				CLANG_ANALYZER_NONNULL = YES;
				CLANG_CXX_LANGUAGE_STANDARD = "gnu++0x";
				CLANG_CXX_LIBRARY = "libc++";
				CLANG_ENABLE_MODULES = YES;
				CLANG_ENABLE_OBJC_ARC = YES;
				CLANG_WARN_BOOL_CONVERSION = YES;
				CLANG_WARN_CONSTANT_CONVERSION = YES;
				CLANG_WARN_DIRECT_OBJC_ISA_USAGE = YES_ERROR;
				CLANG_WARN_EMPTY_BODY = YES;
				CLANG_WARN_ENUM_CONVERSION = YES;
				CLANG_WARN_INT_CONVERSION = YES;
				CLANG_WARN_OBJC_ROOT_CLASS = YES_ERROR;
				CLANG_WARN_UNREACHABLE_CODE = YES;
				CLANG_WARN__DUPLICATE_METHOD_MATCH = YES;
				"CODE_SIGN_IDENTITY[sdk=iphoneos*]" = "iPhone Developer";
				COPY_PHASE_STRIP = NO;
				DEBUG_INFORMATION_FORMAT = dwarf;
				ENABLE_STRICT_OBJC_MSGSEND = YES;
				ENABLE_TESTABILITY = YES;
				GCC_C_LANGUAGE_STANDARD = gnu99;
				GCC_DYNAMIC_NO_PIC = NO;
				GCC_NO_COMMON_BLOCKS = YES;
				GCC_OPTIMIZATION_LEVEL = 0;
				GCC_PREPROCESSOR_DEFINITIONS = (
					"DEBUG=1",
					"$(inherited)",
				);
				GCC_WARN_64_TO_32_BIT_CONVERSION = YES;
				GCC_WARN_ABOUT_RETURN_TYPE = YES_ERROR;
				GCC_WARN_UNDECLARED_SELECTOR = YES;
				GCC_WARN_UNINITIALIZED_AUTOS = YES_AGGRESSIVE;
				GCC_WARN_UNUSED_FUNCTION = YES;
				GCC_WARN_UNUSED_VARIABLE = YES;
				IPHONEOS_DEPLOYMENT_TARGET = 9.3;
				MTL_ENABLE_DEBUG_INFO = YES;
				ONLY_ACTIVE_ARCH = YES;
				SDKROOT = iphoneos;
				SWIFT_OPTIMIZATION_LEVEL = "-Onone";
				TARGETED_DEVICE_FAMILY = "1,2";
			};
			name = Debug;
		};
		F9D5AC901D5A1825007E7005 /* Release */ = {
			isa = XCBuildConfiguration;
			buildSettings = {
				ALWAYS_SEARCH_USER_PATHS = NO;
				CLANG_ANALYZER_NONNULL = YES;
				CLANG_CXX_LANGUAGE_STANDARD = "gnu++0x";
				CLANG_CXX_LIBRARY = "libc++";
				CLANG_ENABLE_MODULES = YES;
				CLANG_ENABLE_OBJC_ARC = YES;
				CLANG_WARN_BOOL_CONVERSION = YES;
				CLANG_WARN_CONSTANT_CONVERSION = YES;
				CLANG_WARN_DIRECT_OBJC_ISA_USAGE = YES_ERROR;
				CLANG_WARN_EMPTY_BODY = YES;
				CLANG_WARN_ENUM_CONVERSION = YES;
				CLANG_WARN_INT_CONVERSION = YES;
				CLANG_WARN_OBJC_ROOT_CLASS = YES_ERROR;
				CLANG_WARN_UNREACHABLE_CODE = YES;
				CLANG_WARN__DUPLICATE_METHOD_MATCH = YES;
				"CODE_SIGN_IDENTITY[sdk=iphoneos*]" = "iPhone Developer";
				COPY_PHASE_STRIP = NO;
				DEBUG_INFORMATION_FORMAT = "dwarf-with-dsym";
				ENABLE_NS_ASSERTIONS = NO;
				ENABLE_STRICT_OBJC_MSGSEND = YES;
				GCC_C_LANGUAGE_STANDARD = gnu99;
				GCC_NO_COMMON_BLOCKS = YES;
				GCC_WARN_64_TO_32_BIT_CONVERSION = YES;
				GCC_WARN_ABOUT_RETURN_TYPE = YES_ERROR;
				GCC_WARN_UNDECLARED_SELECTOR = YES;
				GCC_WARN_UNINITIALIZED_AUTOS = YES_AGGRESSIVE;
				GCC_WARN_UNUSED_FUNCTION = YES;
				GCC_WARN_UNUSED_VARIABLE = YES;
				IPHONEOS_DEPLOYMENT_TARGET = 9.3;
				MTL_ENABLE_DEBUG_INFO = NO;
				SDKROOT = iphoneos;
				TARGETED_DEVICE_FAMILY = "1,2";
				VALIDATE_PRODUCT = YES;
			};
			name = Release;
		};
		F9D5AC921D5A1825007E7005 /* Debug */ = {
			isa = XCBuildConfiguration;
			baseConfigurationReference = 2264B4780133B8187B232A6C /* Pods-camp-colorado.debug.xcconfig */;
			buildSettings = {
				ASSETCATALOG_COMPILER_APPICON_NAME = AppIcon;
				CODE_SIGN_IDENTITY = "iPhone Developer";
				"CODE_SIGN_IDENTITY[sdk=iphoneos*]" = "iPhone Developer";
				INFOPLIST_FILE = "camp-colorado/Info.plist";
				LD_RUNPATH_SEARCH_PATHS = "$(inherited) @executable_path/Frameworks";
				PRODUCT_BUNDLE_IDENTIFIER = "com.adamgoth.camp-colorado";
				PRODUCT_NAME = "$(TARGET_NAME)";
				PROVISIONING_PROFILE = "";
			};
			name = Debug;
		};
		F9D5AC931D5A1825007E7005 /* Release */ = {
			isa = XCBuildConfiguration;
			baseConfigurationReference = AD9704D41BED8EB2A67C02C8 /* Pods-camp-colorado.release.xcconfig */;
			buildSettings = {
				ASSETCATALOG_COMPILER_APPICON_NAME = AppIcon;
				CODE_SIGN_IDENTITY = "iPhone Developer";
				"CODE_SIGN_IDENTITY[sdk=iphoneos*]" = "iPhone Developer";
				INFOPLIST_FILE = "camp-colorado/Info.plist";
				LD_RUNPATH_SEARCH_PATHS = "$(inherited) @executable_path/Frameworks";
				PRODUCT_BUNDLE_IDENTIFIER = "com.adamgoth.camp-colorado";
				PRODUCT_NAME = "$(TARGET_NAME)";
				PROVISIONING_PROFILE = "";
			};
			name = Release;
		};
/* End XCBuildConfiguration section */

/* Begin XCConfigurationList section */
		F9D5AC7A1D5A1824007E7005 /* Build configuration list for PBXProject "camp-colorado" */ = {
			isa = XCConfigurationList;
			buildConfigurations = (
				F9D5AC8F1D5A1825007E7005 /* Debug */,
				F9D5AC901D5A1825007E7005 /* Release */,
			);
			defaultConfigurationIsVisible = 0;
			defaultConfigurationName = Release;
		};
		F9D5AC911D5A1825007E7005 /* Build configuration list for PBXNativeTarget "camp-colorado" */ = {
			isa = XCConfigurationList;
			buildConfigurations = (
				F9D5AC921D5A1825007E7005 /* Debug */,
				F9D5AC931D5A1825007E7005 /* Release */,
			);
			defaultConfigurationIsVisible = 0;
			defaultConfigurationName = Release;
		};
/* End XCConfigurationList section */
	};
	rootObject = F9D5AC771D5A1824007E7005 /* Project object */;
}
